
Microsoft Visual Studio Solution File, Format Version 12.00
# Visual Studio Version 16
VisualStudioVersion = 16.0.31727.386
MinimumVisualStudioVersion = 10.0.40219.1
Project("{FAE04EC0-301F-11D3-BF4B-00C04F79EFBC}") = "Item_ImageAll_BackupConsole", "Item_ImageAll_BackupConsole.csproj", "{083096CE-F9C8-4D08-B7F5-4ED85710E227}"
EndProject
Global
	GlobalSection(SolutionConfigurationPlatforms) = preSolution
		Debug|Any CPU = Debug|Any CPU
		Release|Any CPU = Release|Any CPU
	EndGlobalSection
	GlobalSection(ProjectConfigurationPlatforms) = postSolution
		{083096CE-F9C8-4D08-B7F5-4ED85710E227}.Debug|Any CPU.ActiveCfg = Debug|Any CPU
		{083096CE-F9C8-4D08-B7F5-4ED85710E227}.Debug|Any CPU.Build.0 = Debug|Any CPU
		{083096CE-F9C8-4D08-B7F5-4ED85710E227}.Release|Any CPU.ActiveCfg = Release|Any CPU
		{083096CE-F9C8-4D08-B7F5-4ED85710E227}.Release|Any CPU.Build.0 = Release|Any CPU
	EndGlobalSection
	GlobalSection(SolutionProperties) = preSolution
		HideSolutionNode = FALSE
	EndGlobalSection
	GlobalSection(ExtensibilityGlobals) = postSolution
		SolutionGuid = {64679D94-0EBD-4413-A091-17B25F4035B2}
	EndGlobalSection
EndGlobal
